// !$*UTF8*$!
{
	archiveVersion = 1;
	classes = {
	};
	objectVersion = 51;
	objects = {

/* Begin PBXBuildFile section */
		5587F04ACC1465F15FF560CF /* Pods_TestDemoFramework.framework in Frameworks */ = {isa = PBXBuildFile; fileRef = BE32C0D9C087A60C7587266E /* Pods_TestDemoFramework.framework */; };
		BE9AB2DBA1415E252920D65F /* Pods_TestDemoFramework_TestDemoFrameworkTests.framework in Frameworks */ = {isa = PBXBuildFile; fileRef = 754952FFFBEAF7E26B9D01F5 /* Pods_TestDemoFramework_TestDemoFrameworkTests.framework */; };
		CE055A462476B16E0039FF14 /* TestDemoFramework.framework in Frameworks */ = {isa = PBXBuildFile; fileRef = CE055A3C2476B16E0039FF14 /* TestDemoFramework.framework */; };
		CE055A4B2476B16E0039FF14 /* TestDemoFrameworkTests.swift in Sources */ = {isa = PBXBuildFile; fileRef = CE055A4A2476B16E0039FF14 /* TestDemoFrameworkTests.swift */; };
		CE055A4D2476B16E0039FF14 /* TestDemoFramework.h in Headers */ = {isa = PBXBuildFile; fileRef = CE055A3F2476B16E0039FF14 /* TestDemoFramework.h */; settings = {ATTRIBUTES = (Public, ); }; };
		CE055A5D2476B1D40039FF14 /* AppDelegate.swift in Sources */ = {isa = PBXBuildFile; fileRef = CE055A5C2476B1D40039FF14 /* AppDelegate.swift */; };
		CE055A5F2476B1D40039FF14 /* SceneDelegate.swift in Sources */ = {isa = PBXBuildFile; fileRef = CE055A5E2476B1D40039FF14 /* SceneDelegate.swift */; };
		CE055A612476B1D40039FF14 /* ViewController.swift in Sources */ = {isa = PBXBuildFile; fileRef = CE055A602476B1D40039FF14 /* ViewController.swift */; };
		CE055A642476B1D40039FF14 /* Main.storyboard in Resources */ = {isa = PBXBuildFile; fileRef = CE055A622476B1D40039FF14 /* Main.storyboard */; };
		CE055A662476B1D50039FF14 /* Assets.xcassets in Resources */ = {isa = PBXBuildFile; fileRef = CE055A652476B1D50039FF14 /* Assets.xcassets */; };
		CE055A692476B1D50039FF14 /* LaunchScreen.storyboard in Resources */ = {isa = PBXBuildFile; fileRef = CE055A672476B1D50039FF14 /* LaunchScreen.storyboard */; };
		CE055A742476B1D50039FF14 /* TestDemoFrameworkExampleTests.swift in Sources */ = {isa = PBXBuildFile; fileRef = CE055A732476B1D50039FF14 /* TestDemoFrameworkExampleTests.swift */; };
		CE055A7E2476B3BA0039FF14 /* Testfile.swift in Sources */ = {isa = PBXBuildFile; fileRef = CE055A7D2476B3BA0039FF14 /* Testfile.swift */; };
		CEEF282C2476DC5700CB8F4F /* TestDemoFramework.framework in Frameworks */ = {isa = PBXBuildFile; fileRef = CE055A3C2476B16E0039FF14 /* TestDemoFramework.framework */; };
		CEEF282D2476DC5700CB8F4F /* TestDemoFramework.framework in Embed Frameworks */ = {isa = PBXBuildFile; fileRef = CE055A3C2476B16E0039FF14 /* TestDemoFramework.framework */; settings = {ATTRIBUTES = (CodeSignOnCopy, RemoveHeadersOnCopy, ); }; };
		D5DC686831C4750308283B69 /* Pods_TestDemoFrameworkExample.framework in Frameworks */ = {isa = PBXBuildFile; fileRef = 2BCDF1C119A6D69C3CABA5B1 /* Pods_TestDemoFrameworkExample.framework */; };
		E61DF8D124C1E2BEECE97C04 /* Pods_TestDemoFrameworkExampleTests.framework in Frameworks */ = {isa = PBXBuildFile; fileRef = 50B39FE4B31D0B1847116114 /* Pods_TestDemoFrameworkExampleTests.framework */; };
/* End PBXBuildFile section */

/* Begin PBXContainerItemProxy section */
		CE055A472476B16E0039FF14 /* PBXContainerItemProxy */ = {
			isa = PBXContainerItemProxy;
			containerPortal = CE055A332476B16E0039FF14 /* Project object */;
			proxyType = 1;
			remoteGlobalIDString = CE055A3B2476B16E0039FF14;
			remoteInfo = TestDemoFramework;
		};
		CE055A702476B1D50039FF14 /* PBXContainerItemProxy */ = {
			isa = PBXContainerItemProxy;
			containerPortal = CE055A332476B16E0039FF14 /* Project object */;
			proxyType = 1;
			remoteGlobalIDString = CE055A592476B1D40039FF14;
			remoteInfo = TestDemoFrameworkExample;
		};
		CEEF282E2476DC5700CB8F4F /* PBXContainerItemProxy */ = {
			isa = PBXContainerItemProxy;
			containerPortal = CE055A332476B16E0039FF14 /* Project object */;
			proxyType = 1;
			remoteGlobalIDString = CE055A3B2476B16E0039FF14;
			remoteInfo = TestDemoFramework;
		};
/* End PBXContainerItemProxy section */

/* Begin PBXCopyFilesBuildPhase section */
		CEEF28302476DC5700CB8F4F /* Embed Frameworks */ = {
			isa = PBXCopyFilesBuildPhase;
			buildActionMask = 2147483647;
			dstPath = "";
			dstSubfolderSpec = 10;
			files = (
				CEEF282D2476DC5700CB8F4F /* TestDemoFramework.framework in Embed Frameworks */,
			);
			name = "Embed Frameworks";
			runOnlyForDeploymentPostprocessing = 0;
		};
/* End PBXCopyFilesBuildPhase section */

/* Begin PBXFileReference section */
		2BCDF1C119A6D69C3CABA5B1 /* Pods_TestDemoFrameworkExample.framework */ = {isa = PBXFileReference; explicitFileType = wrapper.framework; includeInIndex = 0; path = Pods_TestDemoFrameworkExample.framework; sourceTree = BUILT_PRODUCTS_DIR; };
		36373C3CE40486E126E0F975 /* Pods-TestDemoFramework-TestDemoFrameworkTests.debug.xcconfig */ = {isa = PBXFileReference; includeInIndex = 1; lastKnownFileType = text.xcconfig; name = "Pods-TestDemoFramework-TestDemoFrameworkTests.debug.xcconfig"; path = "Target Support Files/Pods-TestDemoFramework-TestDemoFrameworkTests/Pods-TestDemoFramework-TestDemoFrameworkTests.debug.xcconfig"; sourceTree = "<group>"; };
		40A083A0D44E22CC2EEA85DF /* Pods-TestDemoFrameworkExampleTests.release.xcconfig */ = {isa = PBXFileReference; includeInIndex = 1; lastKnownFileType = text.xcconfig; name = "Pods-TestDemoFrameworkExampleTests.release.xcconfig"; path = "Target Support Files/Pods-TestDemoFrameworkExampleTests/Pods-TestDemoFrameworkExampleTests.release.xcconfig"; sourceTree = "<group>"; };
		50B39FE4B31D0B1847116114 /* Pods_TestDemoFrameworkExampleTests.framework */ = {isa = PBXFileReference; explicitFileType = wrapper.framework; includeInIndex = 0; path = Pods_TestDemoFrameworkExampleTests.framework; sourceTree = BUILT_PRODUCTS_DIR; };
		754952FFFBEAF7E26B9D01F5 /* Pods_TestDemoFramework_TestDemoFrameworkTests.framework */ = {isa = PBXFileReference; explicitFileType = wrapper.framework; includeInIndex = 0; path = Pods_TestDemoFramework_TestDemoFrameworkTests.framework; sourceTree = BUILT_PRODUCTS_DIR; };
		7691833605B14E7759FECE43 /* Pods-TestDemoFramework.release.xcconfig */ = {isa = PBXFileReference; includeInIndex = 1; lastKnownFileType = text.xcconfig; name = "Pods-TestDemoFramework.release.xcconfig"; path = "Target Support Files/Pods-TestDemoFramework/Pods-TestDemoFramework.release.xcconfig"; sourceTree = "<group>"; };
		975E5BED67B2FF387C5C2914 /* Pods-TestDemoFramework.debug.xcconfig */ = {isa = PBXFileReference; includeInIndex = 1; lastKnownFileType = text.xcconfig; name = "Pods-TestDemoFramework.debug.xcconfig"; path = "Target Support Files/Pods-TestDemoFramework/Pods-TestDemoFramework.debug.xcconfig"; sourceTree = "<group>"; };
		BE32C0D9C087A60C7587266E /* Pods_TestDemoFramework.framework */ = {isa = PBXFileReference; explicitFileType = wrapper.framework; includeInIndex = 0; path = Pods_TestDemoFramework.framework; sourceTree = BUILT_PRODUCTS_DIR; };
		C40E3669FFD772487753EB7A /* Pods-TestDemoFrameworkExampleTests.debug.xcconfig */ = {isa = PBXFileReference; includeInIndex = 1; lastKnownFileType = text.xcconfig; name = "Pods-TestDemoFrameworkExampleTests.debug.xcconfig"; path = "Target Support Files/Pods-TestDemoFrameworkExampleTests/Pods-TestDemoFrameworkExampleTests.debug.xcconfig"; sourceTree = "<group>"; };
		CE055A3C2476B16E0039FF14 /* TestDemoFramework.framework */ = {isa = PBXFileReference; explicitFileType = wrapper.framework; includeInIndex = 0; path = TestDemoFramework.framework; sourceTree = BUILT_PRODUCTS_DIR; };
		CE055A3F2476B16E0039FF14 /* TestDemoFramework.h */ = {isa = PBXFileReference; lastKnownFileType = sourcecode.c.h; path = TestDemoFramework.h; sourceTree = "<group>"; };
		CE055A402476B16E0039FF14 /* Info.plist */ = {isa = PBXFileReference; lastKnownFileType = text.plist.xml; path = Info.plist; sourceTree = "<group>"; };
		CE055A452476B16E0039FF14 /* TestDemoFrameworkTests.xctest */ = {isa = PBXFileReference; explicitFileType = wrapper.cfbundle; includeInIndex = 0; path = TestDemoFrameworkTests.xctest; sourceTree = BUILT_PRODUCTS_DIR; };
		CE055A4A2476B16E0039FF14 /* TestDemoFrameworkTests.swift */ = {isa = PBXFileReference; lastKnownFileType = sourcecode.swift; path = TestDemoFrameworkTests.swift; sourceTree = "<group>"; };
		CE055A4C2476B16E0039FF14 /* Info.plist */ = {isa = PBXFileReference; lastKnownFileType = text.plist.xml; path = Info.plist; sourceTree = "<group>"; };
		CE055A5A2476B1D40039FF14 /* TestDemoFrameworkExample.app */ = {isa = PBXFileReference; explicitFileType = wrapper.application; includeInIndex = 0; path = TestDemoFrameworkExample.app; sourceTree = BUILT_PRODUCTS_DIR; };
		CE055A5C2476B1D40039FF14 /* AppDelegate.swift */ = {isa = PBXFileReference; lastKnownFileType = sourcecode.swift; path = AppDelegate.swift; sourceTree = "<group>"; };
		CE055A5E2476B1D40039FF14 /* SceneDelegate.swift */ = {isa = PBXFileReference; lastKnownFileType = sourcecode.swift; path = SceneDelegate.swift; sourceTree = "<group>"; };
		CE055A602476B1D40039FF14 /* ViewController.swift */ = {isa = PBXFileReference; lastKnownFileType = sourcecode.swift; path = ViewController.swift; sourceTree = "<group>"; };
		CE055A632476B1D40039FF14 /* Base */ = {isa = PBXFileReference; lastKnownFileType = file.storyboard; name = Base; path = Base.lproj/Main.storyboard; sourceTree = "<group>"; };
		CE055A652476B1D50039FF14 /* Assets.xcassets */ = {isa = PBXFileReference; lastKnownFileType = folder.assetcatalog; path = Assets.xcassets; sourceTree = "<group>"; };
		CE055A682476B1D50039FF14 /* Base */ = {isa = PBXFileReference; lastKnownFileType = file.storyboard; name = Base; path = Base.lproj/LaunchScreen.storyboard; sourceTree = "<group>"; };
		CE055A6A2476B1D50039FF14 /* Info.plist */ = {isa = PBXFileReference; lastKnownFileType = text.plist.xml; path = Info.plist; sourceTree = "<group>"; };
		CE055A6F2476B1D50039FF14 /* TestDemoFrameworkExampleTests.xctest */ = {isa = PBXFileReference; explicitFileType = wrapper.cfbundle; includeInIndex = 0; path = TestDemoFrameworkExampleTests.xctest; sourceTree = BUILT_PRODUCTS_DIR; };
		CE055A732476B1D50039FF14 /* TestDemoFrameworkExampleTests.swift */ = {isa = PBXFileReference; lastKnownFileType = sourcecode.swift; path = TestDemoFrameworkExampleTests.swift; sourceTree = "<group>"; };
		CE055A752476B1D50039FF14 /* Info.plist */ = {isa = PBXFileReference; lastKnownFileType = text.plist.xml; path = Info.plist; sourceTree = "<group>"; };
		CE055A7D2476B3BA0039FF14 /* Testfile.swift */ = {isa = PBXFileReference; lastKnownFileType = sourcecode.swift; path = Testfile.swift; sourceTree = "<group>"; };
		E50D70CA67DDB5EA2CF0B2FD /* Pods-TestDemoFrameworkExample.debug.xcconfig */ = {isa = PBXFileReference; includeInIndex = 1; lastKnownFileType = text.xcconfig; name = "Pods-TestDemoFrameworkExample.debug.xcconfig"; path = "Target Support Files/Pods-TestDemoFrameworkExample/Pods-TestDemoFrameworkExample.debug.xcconfig"; sourceTree = "<group>"; };
		F7E2DDF0EAE01E24ECFDBCD2 /* Pods-TestDemoFramework-TestDemoFrameworkTests.release.xcconfig */ = {isa = PBXFileReference; includeInIndex = 1; lastKnownFileType = text.xcconfig; name = "Pods-TestDemoFramework-TestDemoFrameworkTests.release.xcconfig"; path = "Target Support Files/Pods-TestDemoFramework-TestDemoFrameworkTests/Pods-TestDemoFramework-TestDemoFrameworkTests.release.xcconfig"; sourceTree = "<group>"; };
		FCCB6C9E76EC53471C115D4C /* Pods-TestDemoFrameworkExample.release.xcconfig */ = {isa = PBXFileReference; includeInIndex = 1; lastKnownFileType = text.xcconfig; name = "Pods-TestDemoFrameworkExample.release.xcconfig"; path = "Target Support Files/Pods-TestDemoFrameworkExample/Pods-TestDemoFrameworkExample.release.xcconfig"; sourceTree = "<group>"; };
/* End PBXFileReference section */

/* Begin PBXFrameworksBuildPhase section */
		CE055A392476B16E0039FF14 /* Frameworks */ = {
			isa = PBXFrameworksBuildPhase;
			buildActionMask = 2147483647;
			files = (
				5587F04ACC1465F15FF560CF /* Pods_TestDemoFramework.framework in Frameworks */,
			);
			runOnlyForDeploymentPostprocessing = 0;
		};
		CE055A422476B16E0039FF14 /* Frameworks */ = {
			isa = PBXFrameworksBuildPhase;
			buildActionMask = 2147483647;
			files = (
				CE055A462476B16E0039FF14 /* TestDemoFramework.framework in Frameworks */,
				BE9AB2DBA1415E252920D65F /* Pods_TestDemoFramework_TestDemoFrameworkTests.framework in Frameworks */,
			);
			runOnlyForDeploymentPostprocessing = 0;
		};
		CE055A572476B1D40039FF14 /* Frameworks */ = {
			isa = PBXFrameworksBuildPhase;
			buildActionMask = 2147483647;
			files = (
				CEEF282C2476DC5700CB8F4F /* TestDemoFramework.framework in Frameworks */,
				D5DC686831C4750308283B69 /* Pods_TestDemoFrameworkExample.framework in Frameworks */,
			);
			runOnlyForDeploymentPostprocessing = 0;
		};
		CE055A6C2476B1D50039FF14 /* Frameworks */ = {
			isa = PBXFrameworksBuildPhase;
			buildActionMask = 2147483647;
			files = (
				E61DF8D124C1E2BEECE97C04 /* Pods_TestDemoFrameworkExampleTests.framework in Frameworks */,
			);
			runOnlyForDeploymentPostprocessing = 0;
		};
/* End PBXFrameworksBuildPhase section */

/* Begin PBXGroup section */
		7FC7DED260E80476C7FC79AD /* Frameworks */ = {
			isa = PBXGroup;
			children = (
				BE32C0D9C087A60C7587266E /* Pods_TestDemoFramework.framework */,
				754952FFFBEAF7E26B9D01F5 /* Pods_TestDemoFramework_TestDemoFrameworkTests.framework */,
				2BCDF1C119A6D69C3CABA5B1 /* Pods_TestDemoFrameworkExample.framework */,
				50B39FE4B31D0B1847116114 /* Pods_TestDemoFrameworkExampleTests.framework */,
			);
			name = Frameworks;
			sourceTree = "<group>";
		};
		CE055A322476B16E0039FF14 = {
			isa = PBXGroup;
			children = (
				CE055A3E2476B16E0039FF14 /* TestDemoFramework */,
				CE055A492476B16E0039FF14 /* TestDemoFrameworkTests */,
				CE055A5B2476B1D40039FF14 /* TestDemoFrameworkExample */,
				CE055A722476B1D50039FF14 /* TestDemoFrameworkExampleTests */,
				CE055A3D2476B16E0039FF14 /* Products */,
				DFFDBFB4A8F57F71C7F931F4 /* Pods */,
				7FC7DED260E80476C7FC79AD /* Frameworks */,
			);
			sourceTree = "<group>";
		};
		CE055A3D2476B16E0039FF14 /* Products */ = {
			isa = PBXGroup;
			children = (
				CE055A3C2476B16E0039FF14 /* TestDemoFramework.framework */,
				CE055A452476B16E0039FF14 /* TestDemoFrameworkTests.xctest */,
				CE055A5A2476B1D40039FF14 /* TestDemoFrameworkExample.app */,
				CE055A6F2476B1D50039FF14 /* TestDemoFrameworkExampleTests.xctest */,
			);
			name = Products;
			sourceTree = "<group>";
		};
		CE055A3E2476B16E0039FF14 /* TestDemoFramework */ = {
			isa = PBXGroup;
			children = (
				CE055A7C2476B3970039FF14 /* Source */,
				CE055A3F2476B16E0039FF14 /* TestDemoFramework.h */,
				CE055A402476B16E0039FF14 /* Info.plist */,
			);
			path = TestDemoFramework;
			sourceTree = "<group>";
		};
		CE055A492476B16E0039FF14 /* TestDemoFrameworkTests */ = {
			isa = PBXGroup;
			children = (
				CE055A4A2476B16E0039FF14 /* TestDemoFrameworkTests.swift */,
				CE055A4C2476B16E0039FF14 /* Info.plist */,
			);
			path = TestDemoFrameworkTests;
			sourceTree = "<group>";
		};
		CE055A5B2476B1D40039FF14 /* TestDemoFrameworkExample */ = {
			isa = PBXGroup;
			children = (
				CE055A5C2476B1D40039FF14 /* AppDelegate.swift */,
				CE055A5E2476B1D40039FF14 /* SceneDelegate.swift */,
				CE055A602476B1D40039FF14 /* ViewController.swift */,
				CE055A622476B1D40039FF14 /* Main.storyboard */,
				CE055A652476B1D50039FF14 /* Assets.xcassets */,
				CE055A672476B1D50039FF14 /* LaunchScreen.storyboard */,
				CE055A6A2476B1D50039FF14 /* Info.plist */,
			);
			path = TestDemoFrameworkExample;
			sourceTree = "<group>";
		};
		CE055A722476B1D50039FF14 /* TestDemoFrameworkExampleTests */ = {
			isa = PBXGroup;
			children = (
				CE055A732476B1D50039FF14 /* TestDemoFrameworkExampleTests.swift */,
				CE055A752476B1D50039FF14 /* Info.plist */,
			);
			path = TestDemoFrameworkExampleTests;
			sourceTree = "<group>";
		};
		CE055A7C2476B3970039FF14 /* Source */ = {
			isa = PBXGroup;
			children = (
				CE055A7D2476B3BA0039FF14 /* Testfile.swift */,
			);
			path = Source;
			sourceTree = "<group>";
		};
		DFFDBFB4A8F57F71C7F931F4 /* Pods */ = {
			isa = PBXGroup;
			children = (
				975E5BED67B2FF387C5C2914 /* Pods-TestDemoFramework.debug.xcconfig */,
				7691833605B14E7759FECE43 /* Pods-TestDemoFramework.release.xcconfig */,
				36373C3CE40486E126E0F975 /* Pods-TestDemoFramework-TestDemoFrameworkTests.debug.xcconfig */,
				F7E2DDF0EAE01E24ECFDBCD2 /* Pods-TestDemoFramework-TestDemoFrameworkTests.release.xcconfig */,
				E50D70CA67DDB5EA2CF0B2FD /* Pods-TestDemoFrameworkExample.debug.xcconfig */,
				FCCB6C9E76EC53471C115D4C /* Pods-TestDemoFrameworkExample.release.xcconfig */,
				C40E3669FFD772487753EB7A /* Pods-TestDemoFrameworkExampleTests.debug.xcconfig */,
				40A083A0D44E22CC2EEA85DF /* Pods-TestDemoFrameworkExampleTests.release.xcconfig */,
			);
			path = Pods;
			sourceTree = "<group>";
		};
/* End PBXGroup section */

/* Begin PBXHeadersBuildPhase section */
		CE055A372476B16E0039FF14 /* Headers */ = {
			isa = PBXHeadersBuildPhase;
			buildActionMask = 2147483647;
			files = (
				CE055A4D2476B16E0039FF14 /* TestDemoFramework.h in Headers */,
			);
			runOnlyForDeploymentPostprocessing = 0;
		};
/* End PBXHeadersBuildPhase section */

/* Begin PBXNativeTarget section */
		CE055A3B2476B16E0039FF14 /* TestDemoFramework */ = {
			isa = PBXNativeTarget;
			buildConfigurationList = CE055A502476B16E0039FF14 /* Build configuration list for PBXNativeTarget "TestDemoFramework" */;
			buildPhases = (
				10E11600097FE7DC18D1522A /* [CP] Check Pods Manifest.lock */,
				CE055A372476B16E0039FF14 /* Headers */,
				CE055A382476B16E0039FF14 /* Sources */,
				CE055A392476B16E0039FF14 /* Frameworks */,
				CE055A3A2476B16E0039FF14 /* Resources */,
			);
			buildRules = (
			);
			dependencies = (
			);
			name = TestDemoFramework;
			productName = TestDemoFramework;
			productReference = CE055A3C2476B16E0039FF14 /* TestDemoFramework.framework */;
			productType = "com.apple.product-type.framework";
		};
		CE055A442476B16E0039FF14 /* TestDemoFrameworkTests */ = {
			isa = PBXNativeTarget;
			buildConfigurationList = CE055A532476B16E0039FF14 /* Build configuration list for PBXNativeTarget "TestDemoFrameworkTests" */;
			buildPhases = (
				3087B0239F6B933A32746F14 /* [CP] Check Pods Manifest.lock */,
				CE055A412476B16E0039FF14 /* Sources */,
				CE055A422476B16E0039FF14 /* Frameworks */,
				CE055A432476B16E0039FF14 /* Resources */,
				11D7FE5119A7AC9256535265 /* [CP] Embed Pods Frameworks */,
			);
			buildRules = (
			);
			dependencies = (
				CE055A482476B16E0039FF14 /* PBXTargetDependency */,
			);
			name = TestDemoFrameworkTests;
			productName = TestDemoFrameworkTests;
			productReference = CE055A452476B16E0039FF14 /* TestDemoFrameworkTests.xctest */;
			productType = "com.apple.product-type.bundle.unit-test";
		};
		CE055A592476B1D40039FF14 /* TestDemoFrameworkExample */ = {
			isa = PBXNativeTarget;
			buildConfigurationList = CE055A762476B1D50039FF14 /* Build configuration list for PBXNativeTarget "TestDemoFrameworkExample" */;
			buildPhases = (
				DF8431A79C8FB886E3523542 /* [CP] Check Pods Manifest.lock */,
				CE055A562476B1D40039FF14 /* Sources */,
				CE055A572476B1D40039FF14 /* Frameworks */,
				CE055A582476B1D40039FF14 /* Resources */,
				26F301AD62244CC25577934A /* [CP] Embed Pods Frameworks */,
				CEEF28302476DC5700CB8F4F /* Embed Frameworks */,
			);
			buildRules = (
			);
			dependencies = (
				CEEF282F2476DC5700CB8F4F /* PBXTargetDependency */,
			);
			name = TestDemoFrameworkExample;
			productName = TestDemoFrameworkExample;
			productReference = CE055A5A2476B1D40039FF14 /* TestDemoFrameworkExample.app */;
			productType = "com.apple.product-type.application";
		};
		CE055A6E2476B1D50039FF14 /* TestDemoFrameworkExampleTests */ = {
			isa = PBXNativeTarget;
			buildConfigurationList = CE055A792476B1D50039FF14 /* Build configuration list for PBXNativeTarget "TestDemoFrameworkExampleTests" */;
			buildPhases = (
				4323370A7EFABC7A2F973CC0 /* [CP] Check Pods Manifest.lock */,
				CE055A6B2476B1D50039FF14 /* Sources */,
				CE055A6C2476B1D50039FF14 /* Frameworks */,
				CE055A6D2476B1D50039FF14 /* Resources */,
			);
			buildRules = (
			);
			dependencies = (
				CE055A712476B1D50039FF14 /* PBXTargetDependency */,
			);
			name = TestDemoFrameworkExampleTests;
			productName = TestDemoFrameworkExampleTests;
			productReference = CE055A6F2476B1D50039FF14 /* TestDemoFrameworkExampleTests.xctest */;
			productType = "com.apple.product-type.bundle.unit-test";
		};
/* End PBXNativeTarget section */

/* Begin PBXProject section */
		CE055A332476B16E0039FF14 /* Project object */ = {
			isa = PBXProject;
			attributes = {
				LastSwiftUpdateCheck = 1140;
				LastUpgradeCheck = 1140;
				ORGANIZATIONNAME = user;
				TargetAttributes = {
					CE055A3B2476B16E0039FF14 = {
						CreatedOnToolsVersion = 11.4.1;
						LastSwiftMigration = 1140;
					};
					CE055A442476B16E0039FF14 = {
						CreatedOnToolsVersion = 11.4.1;
					};
					CE055A592476B1D40039FF14 = {
						CreatedOnToolsVersion = 11.4.1;
					};
					CE055A6E2476B1D50039FF14 = {
						CreatedOnToolsVersion = 11.4.1;
						TestTargetID = CE055A592476B1D40039FF14;
					};
				};
			};
			buildConfigurationList = CE055A362476B16E0039FF14 /* Build configuration list for PBXProject "TestDemoFramework" */;
			compatibilityVersion = "Xcode 9.3";
			developmentRegion = en;
			hasScannedForEncodings = 0;
			knownRegions = (
				en,
				Base,
			);
			mainGroup = CE055A322476B16E0039FF14;
			productRefGroup = CE055A3D2476B16E0039FF14 /* Products */;
			projectDirPath = "";
			projectRoot = "";
			targets = (
				CE055A3B2476B16E0039FF14 /* TestDemoFramework */,
				CE055A442476B16E0039FF14 /* TestDemoFrameworkTests */,
				CE055A592476B1D40039FF14 /* TestDemoFrameworkExample */,
				CE055A6E2476B1D50039FF14 /* TestDemoFrameworkExampleTests */,
			);
		};
/* End PBXProject section */

/* Begin PBXResourcesBuildPhase section */
		CE055A3A2476B16E0039FF14 /* Resources */ = {
			isa = PBXResourcesBuildPhase;
			buildActionMask = 2147483647;
			files = (
			);
			runOnlyForDeploymentPostprocessing = 0;
		};
		CE055A432476B16E0039FF14 /* Resources */ = {
			isa = PBXResourcesBuildPhase;
			buildActionMask = 2147483647;
			files = (
			);
			runOnlyForDeploymentPostprocessing = 0;
		};
		CE055A582476B1D40039FF14 /* Resources */ = {
			isa = PBXResourcesBuildPhase;
			buildActionMask = 2147483647;
			files = (
				CE055A692476B1D50039FF14 /* LaunchScreen.storyboard in Resources */,
				CE055A662476B1D50039FF14 /* Assets.xcassets in Resources */,
				CE055A642476B1D40039FF14 /* Main.storyboard in Resources */,
			);
			runOnlyForDeploymentPostprocessing = 0;
		};
		CE055A6D2476B1D50039FF14 /* Resources */ = {
			isa = PBXResourcesBuildPhase;
			buildActionMask = 2147483647;
			files = (
			);
			runOnlyForDeploymentPostprocessing = 0;
		};
/* End PBXResourcesBuildPhase section */

/* Begin PBXShellScriptBuildPhase section */
		10E11600097FE7DC18D1522A /* [CP] Check Pods Manifest.lock */ = {
			isa = PBXShellScriptBuildPhase;
			buildActionMask = 2147483647;
			files = (
			);
			inputFileListPaths = (
			);
			inputPaths = (
				"${PODS_PODFILE_DIR_PATH}/Podfile.lock",
				"${PODS_ROOT}/Manifest.lock",
			);
			name = "[CP] Check Pods Manifest.lock";
			outputFileListPaths = (
			);
			outputPaths = (
				"$(DERIVED_FILE_DIR)/Pods-TestDemoFramework-checkManifestLockResult.txt",
			);
			runOnlyForDeploymentPostprocessing = 0;
			shellPath = /bin/sh;
			shellScript = "diff \"${PODS_PODFILE_DIR_PATH}/Podfile.lock\" \"${PODS_ROOT}/Manifest.lock\" > /dev/null\nif [ $? != 0 ] ; then\n    # print error to STDERR\n    echo \"error: The sandbox is not in sync with the Podfile.lock. Run 'pod install' or update your CocoaPods installation.\" >&2\n    exit 1\nfi\n# This output is used by Xcode 'outputs' to avoid re-running this script phase.\necho \"SUCCESS\" > \"${SCRIPT_OUTPUT_FILE_0}\"\n";
			showEnvVarsInLog = 0;
		};
		11D7FE5119A7AC9256535265 /* [CP] Embed Pods Frameworks */ = {
			isa = PBXShellScriptBuildPhase;
			buildActionMask = 2147483647;
			files = (
			);
			inputFileListPaths = (
				"${PODS_ROOT}/Target Support Files/Pods-TestDemoFramework-TestDemoFrameworkTests/Pods-TestDemoFramework-TestDemoFrameworkTests-frameworks-${CONFIGURATION}-input-files.xcfilelist",
			);
			name = "[CP] Embed Pods Frameworks";
			outputFileListPaths = (
				"${PODS_ROOT}/Target Support Files/Pods-TestDemoFramework-TestDemoFrameworkTests/Pods-TestDemoFramework-TestDemoFrameworkTests-frameworks-${CONFIGURATION}-output-files.xcfilelist",
			);
			runOnlyForDeploymentPostprocessing = 0;
			shellPath = /bin/sh;
			shellScript = "\"${PODS_ROOT}/Target Support Files/Pods-TestDemoFramework-TestDemoFrameworkTests/Pods-TestDemoFramework-TestDemoFrameworkTests-frameworks.sh\"\n";
			showEnvVarsInLog = 0;
		};
		26F301AD62244CC25577934A /* [CP] Embed Pods Frameworks */ = {
			isa = PBXShellScriptBuildPhase;
			buildActionMask = 2147483647;
			files = (
			);
			inputFileListPaths = (
				"${PODS_ROOT}/Target Support Files/Pods-TestDemoFrameworkExample/Pods-TestDemoFrameworkExample-frameworks-${CONFIGURATION}-input-files.xcfilelist",
			);
			name = "[CP] Embed Pods Frameworks";
			outputFileListPaths = (
				"${PODS_ROOT}/Target Support Files/Pods-TestDemoFrameworkExample/Pods-TestDemoFrameworkExample-frameworks-${CONFIGURATION}-output-files.xcfilelist",
			);
			runOnlyForDeploymentPostprocessing = 0;
			shellPath = /bin/sh;
			shellScript = "\"${PODS_ROOT}/Target Support Files/Pods-TestDemoFrameworkExample/Pods-TestDemoFrameworkExample-frameworks.sh\"\n";
			showEnvVarsInLog = 0;
		};
		3087B0239F6B933A32746F14 /* [CP] Check Pods Manifest.lock */ = {
			isa = PBXShellScriptBuildPhase;
			buildActionMask = 2147483647;
			files = (
			);
			inputFileListPaths = (
			);
			inputPaths = (
				"${PODS_PODFILE_DIR_PATH}/Podfile.lock",
				"${PODS_ROOT}/Manifest.lock",
			);
			name = "[CP] Check Pods Manifest.lock";
			outputFileListPaths = (
			);
			outputPaths = (
				"$(DERIVED_FILE_DIR)/Pods-TestDemoFramework-TestDemoFrameworkTests-checkManifestLockResult.txt",
			);
			runOnlyForDeploymentPostprocessing = 0;
			shellPath = /bin/sh;
			shellScript = "diff \"${PODS_PODFILE_DIR_PATH}/Podfile.lock\" \"${PODS_ROOT}/Manifest.lock\" > /dev/null\nif [ $? != 0 ] ; then\n    # print error to STDERR\n    echo \"error: The sandbox is not in sync with the Podfile.lock. Run 'pod install' or update your CocoaPods installation.\" >&2\n    exit 1\nfi\n# This output is used by Xcode 'outputs' to avoid re-running this script phase.\necho \"SUCCESS\" > \"${SCRIPT_OUTPUT_FILE_0}\"\n";
			showEnvVarsInLog = 0;
		};
		4323370A7EFABC7A2F973CC0 /* [CP] Check Pods Manifest.lock */ = {
			isa = PBXShellScriptBuildPhase;
			buildActionMask = 2147483647;
			files = (
			);
			inputFileListPaths = (
			);
			inputPaths = (
				"${PODS_PODFILE_DIR_PATH}/Podfile.lock",
				"${PODS_ROOT}/Manifest.lock",
			);
			name = "[CP] Check Pods Manifest.lock";
			outputFileListPaths = (
			);
			outputPaths = (
				"$(DERIVED_FILE_DIR)/Pods-TestDemoFrameworkExampleTests-checkManifestLockResult.txt",
			);
			runOnlyForDeploymentPostprocessing = 0;
			shellPath = /bin/sh;
			shellScript = "diff \"${PODS_PODFILE_DIR_PATH}/Podfile.lock\" \"${PODS_ROOT}/Manifest.lock\" > /dev/null\nif [ $? != 0 ] ; then\n    # print error to STDERR\n    echo \"error: The sandbox is not in sync with the Podfile.lock. Run 'pod install' or update your CocoaPods installation.\" >&2\n    exit 1\nfi\n# This output is used by Xcode 'outputs' to avoid re-running this script phase.\necho \"SUCCESS\" > \"${SCRIPT_OUTPUT_FILE_0}\"\n";
			showEnvVarsInLog = 0;
		};
		DF8431A79C8FB886E3523542 /* [CP] Check Pods Manifest.lock */ = {
			isa = PBXShellScriptBuildPhase;
			buildActionMask = 2147483647;
			files = (
			);
			inputFileListPaths = (
			);
			inputPaths = (
				"${PODS_PODFILE_DIR_PATH}/Podfile.lock",
				"${PODS_ROOT}/Manifest.lock",
			);
			name = "[CP] Check Pods Manifest.lock";
			outputFileListPaths = (
			);
			outputPaths = (
				"$(DERIVED_FILE_DIR)/Pods-TestDemoFrameworkExample-checkManifestLockResult.txt",
			);
			runOnlyForDeploymentPostprocessing = 0;
			shellPath = /bin/sh;
			shellScript = "diff \"${PODS_PODFILE_DIR_PATH}/Podfile.lock\" \"${PODS_ROOT}/Manifest.lock\" > /dev/null\nif [ $? != 0 ] ; then\n    # print error to STDERR\n    echo \"error: The sandbox is not in sync with the Podfile.lock. Run 'pod install' or update your CocoaPods installation.\" >&2\n    exit 1\nfi\n# This output is used by Xcode 'outputs' to avoid re-running this script phase.\necho \"SUCCESS\" > \"${SCRIPT_OUTPUT_FILE_0}\"\n";
			showEnvVarsInLog = 0;
		};
/* End PBXShellScriptBuildPhase section */

/* Begin PBXSourcesBuildPhase section */
		CE055A382476B16E0039FF14 /* Sources */ = {
			isa = PBXSourcesBuildPhase;
			buildActionMask = 2147483647;
			files = (
				CE055A7E2476B3BA0039FF14 /* Testfile.swift in Sources */,
			);
			runOnlyForDeploymentPostprocessing = 0;
		};
		CE055A412476B16E0039FF14 /* Sources */ = {
			isa = PBXSourcesBuildPhase;
			buildActionMask = 2147483647;
			files = (
				CE055A4B2476B16E0039FF14 /* TestDemoFrameworkTests.swift in Sources */,
			);
			runOnlyForDeploymentPostprocessing = 0;
		};
		CE055A562476B1D40039FF14 /* Sources */ = {
			isa = PBXSourcesBuildPhase;
			buildActionMask = 2147483647;
			files = (
				CE055A612476B1D40039FF14 /* ViewController.swift in Sources */,
				CE055A5D2476B1D40039FF14 /* AppDelegate.swift in Sources */,
				CE055A5F2476B1D40039FF14 /* SceneDelegate.swift in Sources */,
			);
			runOnlyForDeploymentPostprocessing = 0;
		};
		CE055A6B2476B1D50039FF14 /* Sources */ = {
			isa = PBXSourcesBuildPhase;
			buildActionMask = 2147483647;
			files = (
				CE055A742476B1D50039FF14 /* TestDemoFrameworkExampleTests.swift in Sources */,
			);
			runOnlyForDeploymentPostprocessing = 0;
		};
/* End PBXSourcesBuildPhase section */

/* Begin PBXTargetDependency section */
		CE055A482476B16E0039FF14 /* PBXTargetDependency */ = {
			isa = PBXTargetDependency;
			target = CE055A3B2476B16E0039FF14 /* TestDemoFramework */;
			targetProxy = CE055A472476B16E0039FF14 /* PBXContainerItemProxy */;
		};
		CE055A712476B1D50039FF14 /* PBXTargetDependency */ = {
			isa = PBXTargetDependency;
			target = CE055A592476B1D40039FF14 /* TestDemoFrameworkExample */;
			targetProxy = CE055A702476B1D50039FF14 /* PBXContainerItemProxy */;
		};
		CEEF282F2476DC5700CB8F4F /* PBXTargetDependency */ = {
			isa = PBXTargetDependency;
			target = CE055A3B2476B16E0039FF14 /* TestDemoFramework */;
			targetProxy = CEEF282E2476DC5700CB8F4F /* PBXContainerItemProxy */;
		};
/* End PBXTargetDependency section */

/* Begin PBXVariantGroup section */
		CE055A622476B1D40039FF14 /* Main.storyboard */ = {
			isa = PBXVariantGroup;
			children = (
				CE055A632476B1D40039FF14 /* Base */,
			);
			name = Main.storyboard;
			sourceTree = "<group>";
		};
		CE055A672476B1D50039FF14 /* LaunchScreen.storyboard */ = {
			isa = PBXVariantGroup;
			children = (
				CE055A682476B1D50039FF14 /* Base */,
			);
			name = LaunchScreen.storyboard;
			sourceTree = "<group>";
		};
/* End PBXVariantGroup section */

/* Begin XCBuildConfiguration section */
		CE055A4E2476B16E0039FF14 /* Debug */ = {
			isa = XCBuildConfiguration;
			buildSettings = {
				ALWAYS_SEARCH_USER_PATHS = NO;
				CLANG_ANALYZER_NONNULL = YES;
				CLANG_ANALYZER_NUMBER_OBJECT_CONVERSION = YES_AGGRESSIVE;
				CLANG_CXX_LANGUAGE_STANDARD = "gnu++14";
				CLANG_CXX_LIBRARY = "libc++";
				CLANG_ENABLE_MODULES = YES;
				CLANG_ENABLE_OBJC_ARC = YES;
				CLANG_ENABLE_OBJC_WEAK = YES;
				CLANG_WARN_BLOCK_CAPTURE_AUTORELEASING = YES;
				CLANG_WARN_BOOL_CONVERSION = YES;
				CLANG_WARN_COMMA = YES;
				CLANG_WARN_CONSTANT_CONVERSION = YES;
				CLANG_WARN_DEPRECATED_OBJC_IMPLEMENTATIONS = YES;
				CLANG_WARN_DIRECT_OBJC_ISA_USAGE = YES_ERROR;
				CLANG_WARN_DOCUMENTATION_COMMENTS = YES;
				CLANG_WARN_EMPTY_BODY = YES;
				CLANG_WARN_ENUM_CONVERSION = YES;
				CLANG_WARN_INFINITE_RECURSION = YES;
				CLANG_WARN_INT_CONVERSION = YES;
				CLANG_WARN_NON_LITERAL_NULL_CONVERSION = YES;
				CLANG_WARN_OBJC_IMPLICIT_RETAIN_SELF = YES;
				CLANG_WARN_OBJC_LITERAL_CONVERSION = YES;
				CLANG_WARN_OBJC_ROOT_CLASS = YES_ERROR;
				CLANG_WARN_RANGE_LOOP_ANALYSIS = YES;
				CLANG_WARN_STRICT_PROTOTYPES = YES;
				CLANG_WARN_SUSPICIOUS_MOVE = YES;
				CLANG_WARN_UNGUARDED_AVAILABILITY = YES_AGGRESSIVE;
				CLANG_WARN_UNREACHABLE_CODE = YES;
				CLANG_WARN__DUPLICATE_METHOD_MATCH = YES;
				COPY_PHASE_STRIP = NO;
				CURRENT_PROJECT_VERSION = 1;
				DEBUG_INFORMATION_FORMAT = dwarf;
				ENABLE_STRICT_OBJC_MSGSEND = YES;
				ENABLE_TESTABILITY = YES;
				GCC_C_LANGUAGE_STANDARD = gnu11;
				GCC_DYNAMIC_NO_PIC = NO;
				GCC_NO_COMMON_BLOCKS = YES;
				GCC_OPTIMIZATION_LEVEL = 0;
				GCC_PREPROCESSOR_DEFINITIONS = (
					"DEBUG=1",
					"$(inherited)",
				);
				GCC_WARN_64_TO_32_BIT_CONVERSION = YES;
				GCC_WARN_ABOUT_RETURN_TYPE = YES_ERROR;
				GCC_WARN_UNDECLARED_SELECTOR = YES;
				GCC_WARN_UNINITIALIZED_AUTOS = YES_AGGRESSIVE;
				GCC_WARN_UNUSED_FUNCTION = YES;
				GCC_WARN_UNUSED_VARIABLE = YES;
				IPHONEOS_DEPLOYMENT_TARGET = 13.4;
				MTL_ENABLE_DEBUG_INFO = INCLUDE_SOURCE;
				MTL_FAST_MATH = YES;
				ONLY_ACTIVE_ARCH = YES;
				SDKROOT = iphoneos;
				SWIFT_ACTIVE_COMPILATION_CONDITIONS = DEBUG;
				SWIFT_OPTIMIZATION_LEVEL = "-Onone";
				VERSIONING_SYSTEM = "apple-generic";
				VERSION_INFO_PREFIX = "";
			};
			name = Debug;
		};
		CE055A4F2476B16E0039FF14 /* Release */ = {
			isa = XCBuildConfiguration;
			buildSettings = {
				ALWAYS_SEARCH_USER_PATHS = NO;
				CLANG_ANALYZER_NONNULL = YES;
				CLANG_ANALYZER_NUMBER_OBJECT_CONVERSION = YES_AGGRESSIVE;
				CLANG_CXX_LANGUAGE_STANDARD = "gnu++14";
				CLANG_CXX_LIBRARY = "libc++";
				CLANG_ENABLE_MODULES = YES;
				CLANG_ENABLE_OBJC_ARC = YES;
				CLANG_ENABLE_OBJC_WEAK = YES;
				CLANG_WARN_BLOCK_CAPTURE_AUTORELEASING = YES;
				CLANG_WARN_BOOL_CONVERSION = YES;
				CLANG_WARN_COMMA = YES;
				CLANG_WARN_CONSTANT_CONVERSION = YES;
				CLANG_WARN_DEPRECATED_OBJC_IMPLEMENTATIONS = YES;
				CLANG_WARN_DIRECT_OBJC_ISA_USAGE = YES_ERROR;
				CLANG_WARN_DOCUMENTATION_COMMENTS = YES;
				CLANG_WARN_EMPTY_BODY = YES;
				CLANG_WARN_ENUM_CONVERSION = YES;
				CLANG_WARN_INFINITE_RECURSION = YES;
				CLANG_WARN_INT_CONVERSION = YES;
				CLANG_WARN_NON_LITERAL_NULL_CONVERSION = YES;
				CLANG_WARN_OBJC_IMPLICIT_RETAIN_SELF = YES;
				CLANG_WARN_OBJC_LITERAL_CONVERSION = YES;
				CLANG_WARN_OBJC_ROOT_CLASS = YES_ERROR;
				CLANG_WARN_RANGE_LOOP_ANALYSIS = YES;
				CLANG_WARN_STRICT_PROTOTYPES = YES;
				CLANG_WARN_SUSPICIOUS_MOVE = YES;
				CLANG_WARN_UNGUARDED_AVAILABILITY = YES_AGGRESSIVE;
				CLANG_WARN_UNREACHABLE_CODE = YES;
				CLANG_WARN__DUPLICATE_METHOD_MATCH = YES;
				COPY_PHASE_STRIP = NO;
				CURRENT_PROJECT_VERSION = 1;
				DEBUG_INFORMATION_FORMAT = "dwarf-with-dsym";
				ENABLE_NS_ASSERTIONS = NO;
				ENABLE_STRICT_OBJC_MSGSEND = YES;
				GCC_C_LANGUAGE_STANDARD = gnu11;
				GCC_NO_COMMON_BLOCKS = YES;
				GCC_WARN_64_TO_32_BIT_CONVERSION = YES;
				GCC_WARN_ABOUT_RETURN_TYPE = YES_ERROR;
				GCC_WARN_UNDECLARED_SELECTOR = YES;
				GCC_WARN_UNINITIALIZED_AUTOS = YES_AGGRESSIVE;
				GCC_WARN_UNUSED_FUNCTION = YES;
				GCC_WARN_UNUSED_VARIABLE = YES;
				IPHONEOS_DEPLOYMENT_TARGET = 13.4;
				MTL_ENABLE_DEBUG_INFO = NO;
				MTL_FAST_MATH = YES;
				SDKROOT = iphoneos;
				SWIFT_COMPILATION_MODE = wholemodule;
				SWIFT_OPTIMIZATION_LEVEL = "-O";
				VALIDATE_PRODUCT = YES;
				VERSIONING_SYSTEM = "apple-generic";
				VERSION_INFO_PREFIX = "";
			};
			name = Release;
		};
		CE055A512476B16E0039FF14 /* Debug */ = {
			isa = XCBuildConfiguration;
			baseConfigurationReference = 975E5BED67B2FF387C5C2914 /* Pods-TestDemoFramework.debug.xcconfig */;
			buildSettings = {
				CLANG_ENABLE_MODULES = YES;
				CODE_SIGN_STYLE = Automatic;
				DEFINES_MODULE = YES;
				DYLIB_COMPATIBILITY_VERSION = 1;
				DYLIB_CURRENT_VERSION = 1;
				DYLIB_INSTALL_NAME_BASE = "@rpath";
				INFOPLIST_FILE = TestDemoFramework/Info.plist;
				INSTALL_PATH = "$(LOCAL_LIBRARY_DIR)/Frameworks";
				LD_RUNPATH_SEARCH_PATHS = (
					"$(inherited)",
					"@executable_path/Frameworks",
					"@loader_path/Frameworks",
				);
				PRODUCT_BUNDLE_IDENTIFIER = com.asara..TestDemoFramework;
				PRODUCT_NAME = "$(TARGET_NAME:c99extidentifier)";
				SKIP_INSTALL = YES;
				SUPPORTS_MACCATALYST = NO;
				SWIFT_OPTIMIZATION_LEVEL = "-Onone";
				SWIFT_VERSION = 5.0;
				TARGETED_DEVICE_FAMILY = 1;
			};
			name = Debug;
		};
		CE055A522476B16E0039FF14 /* Release */ = {
			isa = XCBuildConfiguration;
			baseConfigurationReference = 7691833605B14E7759FECE43 /* Pods-TestDemoFramework.release.xcconfig */;
			buildSettings = {
				CLANG_ENABLE_MODULES = YES;
				CODE_SIGN_STYLE = Automatic;
				DEFINES_MODULE = YES;
				DYLIB_COMPATIBILITY_VERSION = 1;
				DYLIB_CURRENT_VERSION = 1;
				DYLIB_INSTALL_NAME_BASE = "@rpath";
				INFOPLIST_FILE = TestDemoFramework/Info.plist;
				INSTALL_PATH = "$(LOCAL_LIBRARY_DIR)/Frameworks";
				LD_RUNPATH_SEARCH_PATHS = (
					"$(inherited)",
					"@executable_path/Frameworks",
					"@loader_path/Frameworks",
				);
				PRODUCT_BUNDLE_IDENTIFIER = com.asara..TestDemoFramework;
				PRODUCT_NAME = "$(TARGET_NAME:c99extidentifier)";
				SKIP_INSTALL = YES;
				SUPPORTS_MACCATALYST = NO;
				SWIFT_VERSION = 5.0;
				TARGETED_DEVICE_FAMILY = 1;
			};
			name = Release;
		};
		CE055A542476B16E0039FF14 /* Debug */ = {
			isa = XCBuildConfiguration;
			baseConfigurationReference = 36373C3CE40486E126E0F975 /* Pods-TestDemoFramework-TestDemoFrameworkTests.debug.xcconfig */;
			buildSettings = {
				ALWAYS_EMBED_SWIFT_STANDARD_LIBRARIES = YES;
				CODE_SIGN_STYLE = Automatic;
				INFOPLIST_FILE = TestDemoFrameworkTests/Info.plist;
				LD_RUNPATH_SEARCH_PATHS = (
					"$(inherited)",
					"@executable_path/Frameworks",
					"@loader_path/Frameworks",
				);
				PRODUCT_BUNDLE_IDENTIFIER = com.asara..TestDemoFrameworkTests;
				PRODUCT_NAME = "$(TARGET_NAME)";
				SWIFT_VERSION = 5.0;
				TARGETED_DEVICE_FAMILY = "1,2";
			};
			name = Debug;
		};
		CE055A552476B16E0039FF14 /* Release */ = {
			isa = XCBuildConfiguration;
			baseConfigurationReference = F7E2DDF0EAE01E24ECFDBCD2 /* Pods-TestDemoFramework-TestDemoFrameworkTests.release.xcconfig */;
			buildSettings = {
				ALWAYS_EMBED_SWIFT_STANDARD_LIBRARIES = YES;
				CODE_SIGN_STYLE = Automatic;
				INFOPLIST_FILE = TestDemoFrameworkTests/Info.plist;
				LD_RUNPATH_SEARCH_PATHS = (
					"$(inherited)",
					"@executable_path/Frameworks",
					"@loader_path/Frameworks",
				);
				PRODUCT_BUNDLE_IDENTIFIER = com.asara..TestDemoFrameworkTests;
				PRODUCT_NAME = "$(TARGET_NAME)";
				SWIFT_VERSION = 5.0;
				TARGETED_DEVICE_FAMILY = "1,2";
			};
			name = Release;
		};
		CE055A772476B1D50039FF14 /* Debug */ = {
			isa = XCBuildConfiguration;
			baseConfigurationReference = E50D70CA67DDB5EA2CF0B2FD /* Pods-TestDemoFrameworkExample.debug.xcconfig */;
			buildSettings = {
				ASSETCATALOG_COMPILER_APPICON_NAME = AppIcon;
				CODE_SIGN_STYLE = Automatic;
				INFOPLIST_FILE = TestDemoFrameworkExample/Info.plist;
				LD_RUNPATH_SEARCH_PATHS = (
					"$(inherited)",
					"@executable_path/Frameworks",
				);
				PRODUCT_BUNDLE_IDENTIFIER = com.asara..TestDemoFrameworkExample;
				PRODUCT_NAME = "$(TARGET_NAME)";
				SWIFT_VERSION = 5.0;
				TARGETED_DEVICE_FAMILY = "1,2";
			};
			name = Debug;
		};
		CE055A782476B1D50039FF14 /* Release */ = {
			isa = XCBuildConfiguration;
			baseConfigurationReference = FCCB6C9E76EC53471C115D4C /* Pods-TestDemoFrameworkExample.release.xcconfig */;
			buildSettings = {
				ASSETCATALOG_COMPILER_APPICON_NAME = AppIcon;
				CODE_SIGN_STYLE = Automatic;
				INFOPLIST_FILE = TestDemoFrameworkExample/Info.plist;
				LD_RUNPATH_SEARCH_PATHS = (
					"$(inherited)",
					"@executable_path/Frameworks",
				);
				PRODUCT_BUNDLE_IDENTIFIER = com.asara..TestDemoFrameworkExample;
				PRODUCT_NAME = "$(TARGET_NAME)";
				SWIFT_VERSION = 5.0;
				TARGETED_DEVICE_FAMILY = "1,2";
			};
			name = Release;
		};
		CE055A7A2476B1D50039FF14 /* Debug */ = {
			isa = XCBuildConfiguration;
			baseConfigurationReference = C40E3669FFD772487753EB7A /* Pods-TestDemoFrameworkExampleTests.debug.xcconfig */;
			buildSettings = {
				ALWAYS_EMBED_SWIFT_STANDARD_LIBRARIES = YES;
				BUNDLE_LOADER = "$(TEST_HOST)";
				CODE_SIGN_STYLE = Automatic;
				INFOPLIST_FILE = TestDemoFrameworkExampleTests/Info.plist;
				IPHONEOS_DEPLOYMENT_TARGET = 13.4;
				LD_RUNPATH_SEARCH_PATHS = (
					"$(inherited)",
					"@executable_path/Frameworks",
					"@loader_path/Frameworks",
				);
				PRODUCT_BUNDLE_IDENTIFIER = com.asara..TestDemoFrameworkExampleTests;
				PRODUCT_NAME = "$(TARGET_NAME)";
				SWIFT_VERSION = 5.0;
				TARGETED_DEVICE_FAMILY = "1,2";
				TEST_HOST = "$(BUILT_PRODUCTS_DIR)/TestDemoFrameworkExample.app/TestDemoFrameworkExample";
			};
			name = Debug;
		};
		CE055A7B2476B1D50039FF14 /* Release */ = {
			isa = XCBuildConfiguration;
			baseConfigurationReference = 40A083A0D44E22CC2EEA85DF /* Pods-TestDemoFrameworkExampleTests.release.xcconfig */;
			buildSettings = {
				ALWAYS_EMBED_SWIFT_STANDARD_LIBRARIES = YES;
				BUNDLE_LOADER = "$(TEST_HOST)";
				CODE_SIGN_STYLE = Automatic;
				INFOPLIST_FILE = TestDemoFrameworkExampleTests/Info.plist;
				IPHONEOS_DEPLOYMENT_TARGET = 13.4;
				LD_RUNPATH_SEARCH_PATHS = (
					"$(inherited)",
					"@executable_path/Frameworks",
					"@loader_path/Frameworks",
				);
				PRODUCT_BUNDLE_IDENTIFIER = com.asara..TestDemoFrameworkExampleTests;
				PRODUCT_NAME = "$(TARGET_NAME)";
				SWIFT_VERSION = 5.0;
				TARGETED_DEVICE_FAMILY = "1,2";
				TEST_HOST = "$(BUILT_PRODUCTS_DIR)/TestDemoFrameworkExample.app/TestDemoFrameworkExample";
			};
			name = Release;
		};
/* End XCBuildConfiguration section */

/* Begin XCConfigurationList section */
		CE055A362476B16E0039FF14 /* Build configuration list for PBXProject "TestDemoFramework" */ = {
			isa = XCConfigurationList;
			buildConfigurations = (
				CE055A4E2476B16E0039FF14 /* Debug */,
				CE055A4F2476B16E0039FF14 /* Release */,
			);
			defaultConfigurationIsVisible = 0;
			defaultConfigurationName = Release;
		};
		CE055A502476B16E0039FF14 /* Build configuration list for PBXNativeTarget "TestDemoFramework" */ = {
			isa = XCConfigurationList;
			buildConfigurations = (
				CE055A512476B16E0039FF14 /* Debug */,
				CE055A522476B16E0039FF14 /* Release */,
			);
			defaultConfigurationIsVisible = 0;
			defaultConfigurationName = Release;
		};
		CE055A532476B16E0039FF14 /* Build configuration list for PBXNativeTarget "TestDemoFrameworkTests" */ = {
			isa = XCConfigurationList;
			buildConfigurations = (
				CE055A542476B16E0039FF14 /* Debug */,
				CE055A552476B16E0039FF14 /* Release */,
			);
			defaultConfigurationIsVisible = 0;
			defaultConfigurationName = Release;
		};
		CE055A762476B1D50039FF14 /* Build configuration list for PBXNativeTarget "TestDemoFrameworkExample" */ = {
			isa = XCConfigurationList;
			buildConfigurations = (
				CE055A772476B1D50039FF14 /* Debug */,
				CE055A782476B1D50039FF14 /* Release */,
			);
			defaultConfigurationIsVisible = 0;
			defaultConfigurationName = Release;
		};
		CE055A792476B1D50039FF14 /* Build configuration list for PBXNativeTarget "TestDemoFrameworkExampleTests" */ = {
			isa = XCConfigurationList;
			buildConfigurations = (
				CE055A7A2476B1D50039FF14 /* Debug */,
				CE055A7B2476B1D50039FF14 /* Release */,
			);
			defaultConfigurationIsVisible = 0;
			defaultConfigurationName = Release;
		};
/* End XCConfigurationList section */
	};
	rootObject = CE055A332476B16E0039FF14 /* Project object */;
}
